
Microsoft Visual Studio Solution File, Format Version 12.00
# Visual Studio 15
VisualStudioVersion = 15.0.26403.7
MinimumVisualStudioVersion = 10.0.40219.1
Project("{FAE04EC0-301F-11D3-BF4B-00C04F79EFBC}") = "Portal2Boards.Net", "Portal2Boards.Net\Portal2Boards.Net.csproj", "{735F5B0B-8968-4CF8-ADC9-8B31CC437335}"
EndProject
Project("{FAE04EC0-301F-11D3-BF4B-00C04F79EFBC}") = "Portal2Boards.Net.Test", "Portal2Boards.Net.Tests\Portal2Boards.Net.Test.csproj", "{91D1D96F-BF68-45E3-94A7-2DBBAC901623}"
EndProject
Project("{2150E333-8FDC-42A3-9474-1A3956D46DE8}") = "Solution Items", "Solution Items", "{37FDB6F9-B3EF-497B-8F0C-E76FC2111F29}"
	ProjectSection(SolutionItems) = preProject
		README.md = README.md
	EndProjectSection
EndProject
Global
	GlobalSection(SolutionConfigurationPlatforms) = preSolution
		Debug|Any CPU = Debug|Any CPU
		Release|Any CPU = Release|Any CPU
	EndGlobalSection
	GlobalSection(ProjectConfigurationPlatforms) = postSolution
		{735F5B0B-8968-4CF8-ADC9-8B31CC437335}.Debug|Any CPU.ActiveCfg = Debug|Any CPU
		{735F5B0B-8968-4CF8-ADC9-8B31CC437335}.Debug|Any CPU.Build.0 = Debug|Any CPU
		{735F5B0B-8968-4CF8-ADC9-8B31CC437335}.Release|Any CPU.ActiveCfg = Release|Any CPU
		{735F5B0B-8968-4CF8-ADC9-8B31CC437335}.Release|Any CPU.Build.0 = Release|Any CPU
		{91D1D96F-BF68-45E3-94A7-2DBBAC901623}.Debug|Any CPU.ActiveCfg = Debug|Any CPU
		{91D1D96F-BF68-45E3-94A7-2DBBAC901623}.Debug|Any CPU.Build.0 = Debug|Any CPU
		{91D1D96F-BF68-45E3-94A7-2DBBAC901623}.Release|Any CPU.ActiveCfg = Release|Any CPU
		{91D1D96F-BF68-45E3-94A7-2DBBAC901623}.Release|Any CPU.Build.0 = Release|Any CPU
	EndGlobalSection
	GlobalSection(SolutionProperties) = preSolution
		HideSolutionNode = FALSE
	EndGlobalSection
EndGlobal
